
Microsoft Visual Studio Solution File, Format Version 12.00
# Visual Studio Version 16
VisualStudioVersion = 16.0.28922.388
MinimumVisualStudioVersion = 10.0.40219.1
Project("{FAE04EC0-301F-11D3-BF4B-00C04F79EFBC}") = "PlatformGameLinhH", "PlatformGameLinhH\PlatformGameLinhH.csproj", "{8DF78F5C-152C-42EA-8395-815CAA1EBB4F}"
EndProject
Global
	GlobalSection(SolutionConfigurationPlatforms) = preSolution
		Debug|Any CPU = Debug|Any CPU
		Release|Any CPU = Release|Any CPU
	EndGlobalSection
	GlobalSection(ProjectConfigurationPlatforms) = postSolution
		{8DF78F5C-152C-42EA-8395-815CAA1EBB4F}.Debug|Any CPU.ActiveCfg = Debug|Any CPU
		{8DF78F5C-152C-42EA-8395-815CAA1EBB4F}.Debug|Any CPU.Build.0 = Debug|Any CPU
		{8DF78F5C-152C-42EA-8395-815CAA1EBB4F}.Release|Any CPU.ActiveCfg = Release|Any CPU
		{8DF78F5C-152C-42EA-8395-815CAA1EBB4F}.Release|Any CPU.Build.0 = Release|Any CPU
	EndGlobalSection
	GlobalSection(SolutionProperties) = preSolution
		HideSolutionNode = FALSE
	EndGlobalSection
	GlobalSection(ExtensibilityGlobals) = postSolution
		SolutionGuid = {73C5B982-6E94-4895-8B0C-BD3193708696}
	EndGlobalSection
EndGlobal
